
Microsoft Visual Studio Solution File, Format Version 12.00
# Visual Studio Version 17
VisualStudioVersion = 17.2.32630.192
MinimumVisualStudioVersion = 10.0.40219.1
Project("{FAE04EC0-301F-11D3-BF4B-00C04F79EFBC}") = "smtpServer", "smtpServer\smtpServer.csproj", "{579BBA29-F4F9-48D0-B8D9-50E1948C2337}"
EndProject
Global
	GlobalSection(SolutionConfigurationPlatforms) = preSolution
		Debug|Any CPU = Debug|Any CPU
		Release|Any CPU = Release|Any CPU
	EndGlobalSection
	GlobalSection(ProjectConfigurationPlatforms) = postSolution
		{579BBA29-F4F9-48D0-B8D9-50E1948C2337}.Debug|Any CPU.ActiveCfg = Debug|Any CPU
		{579BBA29-F4F9-48D0-B8D9-50E1948C2337}.Debug|Any CPU.Build.0 = Debug|Any CPU
		{579BBA29-F4F9-48D0-B8D9-50E1948C2337}.Release|Any CPU.ActiveCfg = Release|Any CPU
		{579BBA29-F4F9-48D0-B8D9-50E1948C2337}.Release|Any CPU.Build.0 = Release|Any CPU
	EndGlobalSection
	GlobalSection(SolutionProperties) = preSolution
		HideSolutionNode = FALSE
	EndGlobalSection
	GlobalSection(ExtensibilityGlobals) = postSolution
		SolutionGuid = {B9A25062-8A0A-4CCB-B77C-C88CD41562D5}
	EndGlobalSection
EndGlobal
